
Microsoft Visual Studio Solution File, Format Version 12.00
# Visual Studio 14
VisualStudioVersion = 14.0.24720.0
MinimumVisualStudioVersion = 10.0.40219.1
Project("{FAE04EC0-301F-11D3-BF4B-00C04F79EFBC}") = "APM.WebAPI", "APM.WebAPI\APM.WebAPI.csproj", "{EE54A851-C4B1-42F6-8A9C-8744E0298880}"
EndProject
Project("{E24C65DC-7377-472B-9ABA-BC803B73C61A}") = "APM.Client", "APM.Client", "{6E92BCE5-1F0A-4E60-A5AF-044438582894}"
	ProjectSection(WebsiteProperties) = preProject
		TargetFrameworkMoniker = ".NETFramework,Version%3Dv4.5.2"
		Debug.AspNetCompiler.VirtualPath = "/localhost_54446"
		Debug.AspNetCompiler.PhysicalPath = "APM.Client\"
		Debug.AspNetCompiler.TargetPath = "PrecompiledWeb\localhost_54446\"
		Debug.AspNetCompiler.Updateable = "true"
		Debug.AspNetCompiler.ForceOverwrite = "true"
		Debug.AspNetCompiler.FixedNames = "false"
		Debug.AspNetCompiler.Debug = "True"
		Release.AspNetCompiler.VirtualPath = "/localhost_54446"
		Release.AspNetCompiler.PhysicalPath = "APM.Client\"
		Release.AspNetCompiler.TargetPath = "PrecompiledWeb\localhost_54446\"
		Release.AspNetCompiler.Updateable = "true"
		Release.AspNetCompiler.ForceOverwrite = "true"
		Release.AspNetCompiler.FixedNames = "false"
		Release.AspNetCompiler.Debug = "False"
		VWDPort = "54446"
		SlnRelativePath = "APM.Client\"
		DefaultWebSiteLanguage = "Visual C#"
	EndProjectSection
EndProject
Global
	GlobalSection(SolutionConfigurationPlatforms) = preSolution
		Debug|Any CPU = Debug|Any CPU
		Release|Any CPU = Release|Any CPU
	EndGlobalSection
	GlobalSection(ProjectConfigurationPlatforms) = postSolution
		{EE54A851-C4B1-42F6-8A9C-8744E0298880}.Debug|Any CPU.ActiveCfg = Debug|Any CPU
		{EE54A851-C4B1-42F6-8A9C-8744E0298880}.Debug|Any CPU.Build.0 = Debug|Any CPU
		{EE54A851-C4B1-42F6-8A9C-8744E0298880}.Release|Any CPU.ActiveCfg = Release|Any CPU
		{EE54A851-C4B1-42F6-8A9C-8744E0298880}.Release|Any CPU.Build.0 = Release|Any CPU
		{6E92BCE5-1F0A-4E60-A5AF-044438582894}.Debug|Any CPU.ActiveCfg = Debug|Any CPU
		{6E92BCE5-1F0A-4E60-A5AF-044438582894}.Debug|Any CPU.Build.0 = Debug|Any CPU
		{6E92BCE5-1F0A-4E60-A5AF-044438582894}.Release|Any CPU.ActiveCfg = Debug|Any CPU
		{6E92BCE5-1F0A-4E60-A5AF-044438582894}.Release|Any CPU.Build.0 = Debug|Any CPU
	EndGlobalSection
	GlobalSection(SolutionProperties) = preSolution
		HideSolutionNode = FALSE
	EndGlobalSection
EndGlobal
